
Microsoft Visual Studio Solution File, Format Version 12.00
# Visual Studio Version 16
VisualStudioVersion = 16.0.29009.5
MinimumVisualStudioVersion = 10.0.40219.1
Project("{FAE04EC0-301F-11D3-BF4B-00C04F79EFBC}") = "Monopoly", "Monopoly\Monopoly.csproj", "{14F22A4C-04C9-494B-AA3B-92B2DBE19F56}"
EndProject
Project("{FAE04EC0-301F-11D3-BF4B-00C04F79EFBC}") = "MonopolyLibrary", "MonopolyLibrary\MonopolyLibrary.csproj", "{0D1BBE65-E684-49BD-B584-8F84A6F3BB3E}"
EndProject
Project("{FAE04EC0-301F-11D3-BF4B-00C04F79EFBC}") = "MonopolyLibrary.Tests", "MonopolyLibrary.Tests\MonopolyLibrary.Tests.csproj", "{A1C07FD3-7485-48C8-B55D-92554C017CED}"
EndProject
Global
	GlobalSection(SolutionConfigurationPlatforms) = preSolution
		Debug|Any CPU = Debug|Any CPU
		Release|Any CPU = Release|Any CPU
	EndGlobalSection
	GlobalSection(ProjectConfigurationPlatforms) = postSolution
		{14F22A4C-04C9-494B-AA3B-92B2DBE19F56}.Debug|Any CPU.ActiveCfg = Debug|Any CPU
		{14F22A4C-04C9-494B-AA3B-92B2DBE19F56}.Debug|Any CPU.Build.0 = Debug|Any CPU
		{14F22A4C-04C9-494B-AA3B-92B2DBE19F56}.Release|Any CPU.ActiveCfg = Release|Any CPU
		{14F22A4C-04C9-494B-AA3B-92B2DBE19F56}.Release|Any CPU.Build.0 = Release|Any CPU
		{0D1BBE65-E684-49BD-B584-8F84A6F3BB3E}.Debug|Any CPU.ActiveCfg = Debug|Any CPU
		{0D1BBE65-E684-49BD-B584-8F84A6F3BB3E}.Debug|Any CPU.Build.0 = Debug|Any CPU
		{0D1BBE65-E684-49BD-B584-8F84A6F3BB3E}.Release|Any CPU.ActiveCfg = Release|Any CPU
		{0D1BBE65-E684-49BD-B584-8F84A6F3BB3E}.Release|Any CPU.Build.0 = Release|Any CPU
		{A1C07FD3-7485-48C8-B55D-92554C017CED}.Debug|Any CPU.ActiveCfg = Debug|Any CPU
		{A1C07FD3-7485-48C8-B55D-92554C017CED}.Debug|Any CPU.Build.0 = Debug|Any CPU
		{A1C07FD3-7485-48C8-B55D-92554C017CED}.Release|Any CPU.ActiveCfg = Release|Any CPU
		{A1C07FD3-7485-48C8-B55D-92554C017CED}.Release|Any CPU.Build.0 = Release|Any CPU
	EndGlobalSection
	GlobalSection(SolutionProperties) = preSolution
		HideSolutionNode = FALSE
	EndGlobalSection
	GlobalSection(ExtensibilityGlobals) = postSolution
		SolutionGuid = {45A9554D-3E8A-4209-BDC1-FB351BCC18EB}
	EndGlobalSection
EndGlobal
